// !$*UTF8*$!
{
	archiveVersion = 1;
	classes = {
	};
	objectVersion = 56;
	objects = {

/* Begin PBXBuildFile section */
		A4A6ABD42A5914DE00764AB5 /* AppDelegate.swift in Sources */ = {isa = PBXBuildFile; fileRef = A4A6ABD32A5914DE00764AB5 /* AppDelegate.swift */; };
		A4A6ABD62A5914DE00764AB5 /* SceneDelegate.swift in Sources */ = {isa = PBXBuildFile; fileRef = A4A6ABD52A5914DE00764AB5 /* SceneDelegate.swift */; };
		A4A6ABD82A5914DE00764AB5 /* ViewController.swift in Sources */ = {isa = PBXBuildFile; fileRef = A4A6ABD72A5914DE00764AB5 /* ViewController.swift */; };
		A4A6ABDB2A5914DE00764AB5 /* Main.storyboard in Resources */ = {isa = PBXBuildFile; fileRef = A4A6ABD92A5914DE00764AB5 /* Main.storyboard */; };
		A4A6ABDD2A5914DF00764AB5 /* Assets.xcassets in Resources */ = {isa = PBXBuildFile; fileRef = A4A6ABDC2A5914DF00764AB5 /* Assets.xcassets */; };
		A4A6ABE02A5914DF00764AB5 /* LaunchScreen.storyboard in Resources */ = {isa = PBXBuildFile; fileRef = A4A6ABDE2A5914DF00764AB5 /* LaunchScreen.storyboard */; };
		A4A6ABEB2A5914DF00764AB5 /* WAiSTETests.swift in Sources */ = {isa = PBXBuildFile; fileRef = A4A6ABEA2A5914DF00764AB5 /* WAiSTETests.swift */; };
		A4A6ABF52A5914DF00764AB5 /* WAiSTEUITests.swift in Sources */ = {isa = PBXBuildFile; fileRef = A4A6ABF42A5914DF00764AB5 /* WAiSTEUITests.swift */; };
		A4A6ABF72A5914DF00764AB5 /* WAiSTEUITestsLaunchTests.swift in Sources */ = {isa = PBXBuildFile; fileRef = A4A6ABF62A5914DF00764AB5 /* WAiSTEUITestsLaunchTests.swift */; };
/* End PBXBuildFile section */

/* Begin PBXContainerItemProxy section */
		A4A6ABE72A5914DF00764AB5 /* PBXContainerItemProxy */ = {
			isa = PBXContainerItemProxy;
			containerPortal = A4A6ABC82A5914DE00764AB5 /* Project object */;
			proxyType = 1;
			remoteGlobalIDString = A4A6ABCF2A5914DE00764AB5;
			remoteInfo = WAiSTE;
		};
		A4A6ABF12A5914DF00764AB5 /* PBXContainerItemProxy */ = {
			isa = PBXContainerItemProxy;
			containerPortal = A4A6ABC82A5914DE00764AB5 /* Project object */;
			proxyType = 1;
			remoteGlobalIDString = A4A6ABCF2A5914DE00764AB5;
			remoteInfo = WAiSTE;
		};
/* End PBXContainerItemProxy section */

/* Begin PBXFileReference section */
		A4A6ABD02A5914DE00764AB5 /* WAiSTE.app */ = {isa = PBXFileReference; explicitFileType = wrapper.application; includeInIndex = 0; path = WAiSTE.app; sourceTree = BUILT_PRODUCTS_DIR; };
		A4A6ABD32A5914DE00764AB5 /* AppDelegate.swift */ = {isa = PBXFileReference; lastKnownFileType = sourcecode.swift; path = AppDelegate.swift; sourceTree = "<group>"; };
		A4A6ABD52A5914DE00764AB5 /* SceneDelegate.swift */ = {isa = PBXFileReference; lastKnownFileType = sourcecode.swift; path = SceneDelegate.swift; sourceTree = "<group>"; };
		A4A6ABD72A5914DE00764AB5 /* ViewController.swift */ = {isa = PBXFileReference; lastKnownFileType = sourcecode.swift; path = ViewController.swift; sourceTree = "<group>"; };
		A4A6ABDA2A5914DE00764AB5 /* Base */ = {isa = PBXFileReference; lastKnownFileType = file.storyboard; name = Base; path = Base.lproj/Main.storyboard; sourceTree = "<group>"; };
		A4A6ABDC2A5914DF00764AB5 /* Assets.xcassets */ = {isa = PBXFileReference; lastKnownFileType = folder.assetcatalog; path = Assets.xcassets; sourceTree = "<group>"; };
		A4A6ABDF2A5914DF00764AB5 /* Base */ = {isa = PBXFileReference; lastKnownFileType = file.storyboard; name = Base; path = Base.lproj/LaunchScreen.storyboard; sourceTree = "<group>"; };
		A4A6ABE12A5914DF00764AB5 /* Info.plist */ = {isa = PBXFileReference; lastKnownFileType = text.plist.xml; path = Info.plist; sourceTree = "<group>"; };
		A4A6ABE62A5914DF00764AB5 /* WAiSTETests.xctest */ = {isa = PBXFileReference; explicitFileType = wrapper.cfbundle; includeInIndex = 0; path = WAiSTETests.xctest; sourceTree = BUILT_PRODUCTS_DIR; };
		A4A6ABEA2A5914DF00764AB5 /* WAiSTETests.swift */ = {isa = PBXFileReference; lastKnownFileType = sourcecode.swift; path = WAiSTETests.swift; sourceTree = "<group>"; };
		A4A6ABF02A5914DF00764AB5 /* WAiSTEUITests.xctest */ = {isa = PBXFileReference; explicitFileType = wrapper.cfbundle; includeInIndex = 0; path = WAiSTEUITests.xctest; sourceTree = BUILT_PRODUCTS_DIR; };
		A4A6ABF42A5914DF00764AB5 /* WAiSTEUITests.swift */ = {isa = PBXFileReference; lastKnownFileType = sourcecode.swift; path = WAiSTEUITests.swift; sourceTree = "<group>"; };
		A4A6ABF62A5914DF00764AB5 /* WAiSTEUITestsLaunchTests.swift */ = {isa = PBXFileReference; lastKnownFileType = sourcecode.swift; path = WAiSTEUITestsLaunchTests.swift; sourceTree = "<group>"; };
/* End PBXFileReference section */

/* Begin PBXFrameworksBuildPhase section */
		A4A6ABCD2A5914DE00764AB5 /* Frameworks */ = {
			isa = PBXFrameworksBuildPhase;
			buildActionMask = 2147483647;
			files = (
			);
			runOnlyForDeploymentPostprocessing = 0;
		};
		A4A6ABE32A5914DF00764AB5 /* Frameworks */ = {
			isa = PBXFrameworksBuildPhase;
			buildActionMask = 2147483647;
			files = (
			);
			runOnlyForDeploymentPostprocessing = 0;
		};
		A4A6ABED2A5914DF00764AB5 /* Frameworks */ = {
			isa = PBXFrameworksBuildPhase;
			buildActionMask = 2147483647;
			files = (
			);
			runOnlyForDeploymentPostprocessing = 0;
		};
/* End PBXFrameworksBuildPhase section */

/* Begin PBXGroup section */
		A4A6ABC72A5914DE00764AB5 = {
			isa = PBXGroup;
			children = (
				A4A6ABD22A5914DE00764AB5 /* WAiSTE */,
				A4A6ABE92A5914DF00764AB5 /* WAiSTETests */,
				A4A6ABF32A5914DF00764AB5 /* WAiSTEUITests */,
				A4A6ABD12A5914DE00764AB5 /* Products */,
			);
			sourceTree = "<group>";
		};
		A4A6ABD12A5914DE00764AB5 /* Products */ = {
			isa = PBXGroup;
			children = (
				A4A6ABD02A5914DE00764AB5 /* WAiSTE.app */,
				A4A6ABE62A5914DF00764AB5 /* WAiSTETests.xctest */,
				A4A6ABF02A5914DF00764AB5 /* WAiSTEUITests.xctest */,
			);
			name = Products;
			sourceTree = "<group>";
		};
		A4A6ABD22A5914DE00764AB5 /* WAiSTE */ = {
			isa = PBXGroup;
			children = (
				A4A6ABD32A5914DE00764AB5 /* AppDelegate.swift */,
				A4A6ABD52A5914DE00764AB5 /* SceneDelegate.swift */,
				A4A6ABD72A5914DE00764AB5 /* ViewController.swift */,
				A4A6ABD92A5914DE00764AB5 /* Main.storyboard */,
				A4A6ABDC2A5914DF00764AB5 /* Assets.xcassets */,
				A4A6ABDE2A5914DF00764AB5 /* LaunchScreen.storyboard */,
				A4A6ABE12A5914DF00764AB5 /* Info.plist */,
			);
			path = WAiSTE;
			sourceTree = "<group>";
		};
		A4A6ABE92A5914DF00764AB5 /* WAiSTETests */ = {
			isa = PBXGroup;
			children = (
				A4A6ABEA2A5914DF00764AB5 /* WAiSTETests.swift */,
			);
			path = WAiSTETests;
			sourceTree = "<group>";
		};
		A4A6ABF32A5914DF00764AB5 /* WAiSTEUITests */ = {
			isa = PBXGroup;
			children = (
				A4A6ABF42A5914DF00764AB5 /* WAiSTEUITests.swift */,
				A4A6ABF62A5914DF00764AB5 /* WAiSTEUITestsLaunchTests.swift */,
			);
			path = WAiSTEUITests;
			sourceTree = "<group>";
		};
/* End PBXGroup section */

/* Begin PBXNativeTarget section */
		A4A6ABCF2A5914DE00764AB5 /* WAiSTE */ = {
			isa = PBXNativeTarget;
			buildConfigurationList = A4A6ABFA2A5914DF00764AB5 /* Build configuration list for PBXNativeTarget "WAiSTE" */;
			buildPhases = (
				A4A6ABCC2A5914DE00764AB5 /* Sources */,
				A4A6ABCD2A5914DE00764AB5 /* Frameworks */,
				A4A6ABCE2A5914DE00764AB5 /* Resources */,
			);
			buildRules = (
			);
			dependencies = (
			);
			name = WAiSTE;
			productName = WAiSTE;
			productReference = A4A6ABD02A5914DE00764AB5 /* WAiSTE.app */;
			productType = "com.apple.product-type.application";
		};
		A4A6ABE52A5914DF00764AB5 /* WAiSTETests */ = {
			isa = PBXNativeTarget;
			buildConfigurationList = A4A6ABFD2A5914DF00764AB5 /* Build configuration list for PBXNativeTarget "WAiSTETests" */;
			buildPhases = (
				A4A6ABE22A5914DF00764AB5 /* Sources */,
				A4A6ABE32A5914DF00764AB5 /* Frameworks */,
				A4A6ABE42A5914DF00764AB5 /* Resources */,
			);
			buildRules = (
			);
			dependencies = (
				A4A6ABE82A5914DF00764AB5 /* PBXTargetDependency */,
			);
			name = WAiSTETests;
			productName = WAiSTETests;
			productReference = A4A6ABE62A5914DF00764AB5 /* WAiSTETests.xctest */;
			productType = "com.apple.product-type.bundle.unit-test";
		};
		A4A6ABEF2A5914DF00764AB5 /* WAiSTEUITests */ = {
			isa = PBXNativeTarget;
			buildConfigurationList = A4A6AC002A5914DF00764AB5 /* Build configuration list for PBXNativeTarget "WAiSTEUITests" */;
			buildPhases = (
				A4A6ABEC2A5914DF00764AB5 /* Sources */,
				A4A6ABED2A5914DF00764AB5 /* Frameworks */,
				A4A6ABEE2A5914DF00764AB5 /* Resources */,
			);
			buildRules = (
			);
			dependencies = (
				A4A6ABF22A5914DF00764AB5 /* PBXTargetDependency */,
			);
			name = WAiSTEUITests;
			productName = WAiSTEUITests;
			productReference = A4A6ABF02A5914DF00764AB5 /* WAiSTEUITests.xctest */;
			productType = "com.apple.product-type.bundle.ui-testing";
		};
/* End PBXNativeTarget section */

/* Begin PBXProject section */
		A4A6ABC82A5914DE00764AB5 /* Project object */ = {
			isa = PBXProject;
			attributes = {
				BuildIndependentTargetsInParallel = 1;
				LastSwiftUpdateCheck = 1430;
				LastUpgradeCheck = 1430;
				TargetAttributes = {
					A4A6ABCF2A5914DE00764AB5 = {
						CreatedOnToolsVersion = 14.3.1;
					};
					A4A6ABE52A5914DF00764AB5 = {
						CreatedOnToolsVersion = 14.3.1;
						TestTargetID = A4A6ABCF2A5914DE00764AB5;
					};
					A4A6ABEF2A5914DF00764AB5 = {
						CreatedOnToolsVersion = 14.3.1;
						TestTargetID = A4A6ABCF2A5914DE00764AB5;
					};
				};
			};
			buildConfigurationList = A4A6ABCB2A5914DE00764AB5 /* Build configuration list for PBXProject "WAiSTE" */;
			compatibilityVersion = "Xcode 14.0";
			developmentRegion = en;
			hasScannedForEncodings = 0;
			knownRegions = (
				en,
				Base,
			);
			mainGroup = A4A6ABC72A5914DE00764AB5;
			productRefGroup = A4A6ABD12A5914DE00764AB5 /* Products */;
			projectDirPath = "";
			projectRoot = "";
			targets = (
				A4A6ABCF2A5914DE00764AB5 /* WAiSTE */,
				A4A6ABE52A5914DF00764AB5 /* WAiSTETests */,
				A4A6ABEF2A5914DF00764AB5 /* WAiSTEUITests */,
			);
		};
/* End PBXProject section */

/* Begin PBXResourcesBuildPhase section */
		A4A6ABCE2A5914DE00764AB5 /* Resources */ = {
			isa = PBXResourcesBuildPhase;
			buildActionMask = 2147483647;
			files = (
				A4A6ABE02A5914DF00764AB5 /* LaunchScreen.storyboard in Resources */,
				A4A6ABDD2A5914DF00764AB5 /* Assets.xcassets in Resources */,
				A4A6ABDB2A5914DE00764AB5 /* Main.storyboard in Resources */,
			);
			runOnlyForDeploymentPostprocessing = 0;
		};
		A4A6ABE42A5914DF00764AB5 /* Resources */ = {
			isa = PBXResourcesBuildPhase;
			buildActionMask = 2147483647;
			files = (
			);
			runOnlyForDeploymentPostprocessing = 0;
		};
		A4A6ABEE2A5914DF00764AB5 /* Resources */ = {
			isa = PBXResourcesBuildPhase;
			buildActionMask = 2147483647;
			files = (
			);
			runOnlyForDeploymentPostprocessing = 0;
		};
/* End PBXResourcesBuildPhase section */

/* Begin PBXSourcesBuildPhase section */
		A4A6ABCC2A5914DE00764AB5 /* Sources */ = {
			isa = PBXSourcesBuildPhase;
			buildActionMask = 2147483647;
			files = (
				A4A6ABD82A5914DE00764AB5 /* ViewController.swift in Sources */,
				A4A6ABD42A5914DE00764AB5 /* AppDelegate.swift in Sources */,
				A4A6ABD62A5914DE00764AB5 /* SceneDelegate.swift in Sources */,
			);
			runOnlyForDeploymentPostprocessing = 0;
		};
		A4A6ABE22A5914DF00764AB5 /* Sources */ = {
			isa = PBXSourcesBuildPhase;
			buildActionMask = 2147483647;
			files = (
				A4A6ABEB2A5914DF00764AB5 /* WAiSTETests.swift in Sources */,
			);
			runOnlyForDeploymentPostprocessing = 0;
		};
		A4A6ABEC2A5914DF00764AB5 /* Sources */ = {
			isa = PBXSourcesBuildPhase;
			buildActionMask = 2147483647;
			files = (
				A4A6ABF52A5914DF00764AB5 /* WAiSTEUITests.swift in Sources */,
				A4A6ABF72A5914DF00764AB5 /* WAiSTEUITestsLaunchTests.swift in Sources */,
			);
			runOnlyForDeploymentPostprocessing = 0;
		};
/* End PBXSourcesBuildPhase section */

/* Begin PBXTargetDependency section */
		A4A6ABE82A5914DF00764AB5 /* PBXTargetDependency */ = {
			isa = PBXTargetDependency;
			target = A4A6ABCF2A5914DE00764AB5 /* WAiSTE */;
			targetProxy = A4A6ABE72A5914DF00764AB5 /* PBXContainerItemProxy */;
		};
		A4A6ABF22A5914DF00764AB5 /* PBXTargetDependency */ = {
			isa = PBXTargetDependency;
			target = A4A6ABCF2A5914DE00764AB5 /* WAiSTE */;
			targetProxy = A4A6ABF12A5914DF00764AB5 /* PBXContainerItemProxy */;
		};
/* End PBXTargetDependency section */

/* Begin PBXVariantGroup section */
		A4A6ABD92A5914DE00764AB5 /* Main.storyboard */ = {
			isa = PBXVariantGroup;
			children = (
				A4A6ABDA2A5914DE00764AB5 /* Base */,
			);
			name = Main.storyboard;
			sourceTree = "<group>";
		};
		A4A6ABDE2A5914DF00764AB5 /* LaunchScreen.storyboard */ = {
			isa = PBXVariantGroup;
			children = (
				A4A6ABDF2A5914DF00764AB5 /* Base */,
			);
			name = LaunchScreen.storyboard;
			sourceTree = "<group>";
		};
/* End PBXVariantGroup section */

/* Begin XCBuildConfiguration section */
		A4A6ABF82A5914DF00764AB5 /* Debug */ = {
			isa = XCBuildConfiguration;
			buildSettings = {
				ALWAYS_SEARCH_USER_PATHS = NO;
				CLANG_ANALYZER_NONNULL = YES;
				CLANG_ANALYZER_NUMBER_OBJECT_CONVERSION = YES_AGGRESSIVE;
				CLANG_CXX_LANGUAGE_STANDARD = "gnu++20";
				CLANG_ENABLE_MODULES = YES;
				CLANG_ENABLE_OBJC_ARC = YES;
				CLANG_ENABLE_OBJC_WEAK = YES;
				CLANG_WARN_BLOCK_CAPTURE_AUTORELEASING = YES;
				CLANG_WARN_BOOL_CONVERSION = YES;
				CLANG_WARN_COMMA = YES;
				CLANG_WARN_CONSTANT_CONVERSION = YES;
				CLANG_WARN_DEPRECATED_OBJC_IMPLEMENTATIONS = YES;
				CLANG_WARN_DIRECT_OBJC_ISA_USAGE = YES_ERROR;
				CLANG_WARN_DOCUMENTATION_COMMENTS = YES;
				CLANG_WARN_EMPTY_BODY = YES;
				CLANG_WARN_ENUM_CONVERSION = YES;
				CLANG_WARN_INFINITE_RECURSION = YES;
				CLANG_WARN_INT_CONVERSION = YES;
				CLANG_WARN_NON_LITERAL_NULL_CONVERSION = YES;
				CLANG_WARN_OBJC_IMPLICIT_RETAIN_SELF = YES;
				CLANG_WARN_OBJC_LITERAL_CONVERSION = YES;
				CLANG_WARN_OBJC_ROOT_CLASS = YES_ERROR;
				CLANG_WARN_QUOTED_INCLUDE_IN_FRAMEWORK_HEADER = YES;
				CLANG_WARN_RANGE_LOOP_ANALYSIS = YES;
				CLANG_WARN_STRICT_PROTOTYPES = YES;
				CLANG_WARN_SUSPICIOUS_MOVE = YES;
				CLANG_WARN_UNGUARDED_AVAILABILITY = YES_AGGRESSIVE;
				CLANG_WARN_UNREACHABLE_CODE = YES;
				CLANG_WARN__DUPLICATE_METHOD_MATCH = YES;
				COPY_PHASE_STRIP = NO;
				DEBUG_INFORMATION_FORMAT = dwarf;
				ENABLE_STRICT_OBJC_MSGSEND = YES;
				ENABLE_TESTABILITY = YES;
				GCC_C_LANGUAGE_STANDARD = gnu11;
				GCC_DYNAMIC_NO_PIC = NO;
				GCC_NO_COMMON_BLOCKS = YES;
				GCC_OPTIMIZATION_LEVEL = 0;
				GCC_PREPROCESSOR_DEFINITIONS = (
					"DEBUG=1",
					"$(inherited)",
				);
				GCC_WARN_64_TO_32_BIT_CONVERSION = YES;
				GCC_WARN_ABOUT_RETURN_TYPE = YES_ERROR;
				GCC_WARN_UNDECLARED_SELECTOR = YES;
				GCC_WARN_UNINITIALIZED_AUTOS = YES_AGGRESSIVE;
				GCC_WARN_UNUSED_FUNCTION = YES;
				GCC_WARN_UNUSED_VARIABLE = YES;
				IPHONEOS_DEPLOYMENT_TARGET = 16.4;
				MTL_ENABLE_DEBUG_INFO = INCLUDE_SOURCE;
				MTL_FAST_MATH = YES;
				ONLY_ACTIVE_ARCH = YES;
				SDKROOT = iphoneos;
				SWIFT_ACTIVE_COMPILATION_CONDITIONS = DEBUG;
				SWIFT_OPTIMIZATION_LEVEL = "-Onone";
			};
			name = Debug;
		};
		A4A6ABF92A5914DF00764AB5 /* Release */ = {
			isa = XCBuildConfiguration;
			buildSettings = {
				ALWAYS_SEARCH_USER_PATHS = NO;
				CLANG_ANALYZER_NONNULL = YES;
				CLANG_ANALYZER_NUMBER_OBJECT_CONVERSION = YES_AGGRESSIVE;
				CLANG_CXX_LANGUAGE_STANDARD = "gnu++20";
				CLANG_ENABLE_MODULES = YES;
				CLANG_ENABLE_OBJC_ARC = YES;
				CLANG_ENABLE_OBJC_WEAK = YES;
				CLANG_WARN_BLOCK_CAPTURE_AUTORELEASING = YES;
				CLANG_WARN_BOOL_CONVERSION = YES;
				CLANG_WARN_COMMA = YES;
				CLANG_WARN_CONSTANT_CONVERSION = YES;
				CLANG_WARN_DEPRECATED_OBJC_IMPLEMENTATIONS = YES;
				CLANG_WARN_DIRECT_OBJC_ISA_USAGE = YES_ERROR;
				CLANG_WARN_DOCUMENTATION_COMMENTS = YES;
				CLANG_WARN_EMPTY_BODY = YES;
				CLANG_WARN_ENUM_CONVERSION = YES;
				CLANG_WARN_INFINITE_RECURSION = YES;
				CLANG_WARN_INT_CONVERSION = YES;
				CLANG_WARN_NON_LITERAL_NULL_CONVERSION = YES;
				CLANG_WARN_OBJC_IMPLICIT_RETAIN_SELF = YES;
				CLANG_WARN_OBJC_LITERAL_CONVERSION = YES;
				CLANG_WARN_OBJC_ROOT_CLASS = YES_ERROR;
				CLANG_WARN_QUOTED_INCLUDE_IN_FRAMEWORK_HEADER = YES;
				CLANG_WARN_RANGE_LOOP_ANALYSIS = YES;
				CLANG_WARN_STRICT_PROTOTYPES = YES;
				CLANG_WARN_SUSPICIOUS_MOVE = YES;
				CLANG_WARN_UNGUARDED_AVAILABILITY = YES_AGGRESSIVE;
				CLANG_WARN_UNREACHABLE_CODE = YES;
				CLANG_WARN__DUPLICATE_METHOD_MATCH = YES;
				COPY_PHASE_STRIP = NO;
				DEBUG_INFORMATION_FORMAT = "dwarf-with-dsym";
				ENABLE_NS_ASSERTIONS = NO;
				ENABLE_STRICT_OBJC_MSGSEND = YES;
				GCC_C_LANGUAGE_STANDARD = gnu11;
				GCC_NO_COMMON_BLOCKS = YES;
				GCC_WARN_64_TO_32_BIT_CONVERSION = YES;
				GCC_WARN_ABOUT_RETURN_TYPE = YES_ERROR;
				GCC_WARN_UNDECLARED_SELECTOR = YES;
				GCC_WARN_UNINITIALIZED_AUTOS = YES_AGGRESSIVE;
				GCC_WARN_UNUSED_FUNCTION = YES;
				GCC_WARN_UNUSED_VARIABLE = YES;
				IPHONEOS_DEPLOYMENT_TARGET = 16.4;
				MTL_ENABLE_DEBUG_INFO = NO;
				MTL_FAST_MATH = YES;
				SDKROOT = iphoneos;
				SWIFT_COMPILATION_MODE = wholemodule;
				SWIFT_OPTIMIZATION_LEVEL = "-O";
				VALIDATE_PRODUCT = YES;
			};
			name = Release;
		};
		A4A6ABFB2A5914DF00764AB5 /* Debug */ = {
			isa = XCBuildConfiguration;
			buildSettings = {
				ASSETCATALOG_COMPILER_APPICON_NAME = AppIcon;
				ASSETCATALOG_COMPILER_GLOBAL_ACCENT_COLOR_NAME = AccentColor;
				CODE_SIGN_STYLE = Automatic;
				CURRENT_PROJECT_VERSION = 1;
				DEVELOPMENT_TEAM = R8J683G97T;
				GENERATE_INFOPLIST_FILE = YES;
				INFOPLIST_FILE = WAiSTE/Info.plist;
				INFOPLIST_KEY_UIApplicationSupportsIndirectInputEvents = YES;
				INFOPLIST_KEY_UILaunchStoryboardName = LaunchScreen;
				INFOPLIST_KEY_UIMainStoryboardFile = Main;
				INFOPLIST_KEY_UISupportedInterfaceOrientations_iPad = "UIInterfaceOrientationPortrait UIInterfaceOrientationPortraitUpsideDown UIInterfaceOrientationLandscapeLeft UIInterfaceOrientationLandscapeRight";
				INFOPLIST_KEY_UISupportedInterfaceOrientations_iPhone = "UIInterfaceOrientationPortrait UIInterfaceOrientationLandscapeLeft UIInterfaceOrientationLandscapeRight";
				LD_RUNPATH_SEARCH_PATHS = (
					"$(inherited)",
					"@executable_path/Frameworks",
				);
				MARKETING_VERSION = 1.0;
				PRODUCT_BUNDLE_IDENTIFIER = waiste.WAiSTE;
				PRODUCT_NAME = "$(TARGET_NAME)";
				SWIFT_EMIT_LOC_STRINGS = YES;
				SWIFT_VERSION = 5.0;
				TARGETED_DEVICE_FAMILY = "1,2";
			};
			name = Debug;
		};
		A4A6ABFC2A5914DF00764AB5 /* Release */ = {
			isa = XCBuildConfiguration;
			buildSettings = {
				ASSETCATALOG_COMPILER_APPICON_NAME = AppIcon;
				ASSETCATALOG_COMPILER_GLOBAL_ACCENT_COLOR_NAME = AccentColor;
				CODE_SIGN_STYLE = Automatic;
				CURRENT_PROJECT_VERSION = 1;
				DEVELOPMENT_TEAM = R8J683G97T;
				GENERATE_INFOPLIST_FILE = YES;
				INFOPLIST_FILE = WAiSTE/Info.plist;
				INFOPLIST_KEY_UIApplicationSupportsIndirectInputEvents = YES;
				INFOPLIST_KEY_UILaunchStoryboardName = LaunchScreen;
				INFOPLIST_KEY_UIMainStoryboardFile = Main;
				INFOPLIST_KEY_UISupportedInterfaceOrientations_iPad = "UIInterfaceOrientationPortrait UIInterfaceOrientationPortraitUpsideDown UIInterfaceOrientationLandscapeLeft UIInterfaceOrientationLandscapeRight";
				INFOPLIST_KEY_UISupportedInterfaceOrientations_iPhone = "UIInterfaceOrientationPortrait UIInterfaceOrientationLandscapeLeft UIInterfaceOrientationLandscapeRight";
				LD_RUNPATH_SEARCH_PATHS = (
					"$(inherited)",
					"@executable_path/Frameworks",
				);
				MARKETING_VERSION = 1.0;
				PRODUCT_BUNDLE_IDENTIFIER = waiste.WAiSTE;
				PRODUCT_NAME = "$(TARGET_NAME)";
				SWIFT_EMIT_LOC_STRINGS = YES;
				SWIFT_VERSION = 5.0;
				TARGETED_DEVICE_FAMILY = "1,2";
			};
			name = Release;
		};
		A4A6ABFE2A5914DF00764AB5 /* Debug */ = {
			isa = XCBuildConfiguration;
			buildSettings = {
				ALWAYS_EMBED_SWIFT_STANDARD_LIBRARIES = YES;
				BUNDLE_LOADER = "$(TEST_HOST)";
				CODE_SIGN_STYLE = Automatic;
				CURRENT_PROJECT_VERSION = 1;
				DEVELOPMENT_TEAM = R8J683G97T;
				GENERATE_INFOPLIST_FILE = YES;
				IPHONEOS_DEPLOYMENT_TARGET = 16.4;
				MARKETING_VERSION = 1.0;
				PRODUCT_BUNDLE_IDENTIFIER = waiste.WAiSTETests;
				PRODUCT_NAME = "$(TARGET_NAME)";
				SWIFT_EMIT_LOC_STRINGS = NO;
				SWIFT_VERSION = 5.0;
				TARGETED_DEVICE_FAMILY = "1,2";
				TEST_HOST = "$(BUILT_PRODUCTS_DIR)/WAiSTE.app/$(BUNDLE_EXECUTABLE_FOLDER_PATH)/WAiSTE";
			};
			name = Debug;
		};
		A4A6ABFF2A5914DF00764AB5 /* Release */ = {
			isa = XCBuildConfiguration;
			buildSettings = {
				ALWAYS_EMBED_SWIFT_STANDARD_LIBRARIES = YES;
				BUNDLE_LOADER = "$(TEST_HOST)";
				CODE_SIGN_STYLE = Automatic;
				CURRENT_PROJECT_VERSION = 1;
				DEVELOPMENT_TEAM = R8J683G97T;
				GENERATE_INFOPLIST_FILE = YES;
				IPHONEOS_DEPLOYMENT_TARGET = 16.4;
				MARKETING_VERSION = 1.0;
				PRODUCT_BUNDLE_IDENTIFIER = waiste.WAiSTETests;
				PRODUCT_NAME = "$(TARGET_NAME)";
				SWIFT_EMIT_LOC_STRINGS = NO;
				SWIFT_VERSION = 5.0;
				TARGETED_DEVICE_FAMILY = "1,2";
				TEST_HOST = "$(BUILT_PRODUCTS_DIR)/WAiSTE.app/$(BUNDLE_EXECUTABLE_FOLDER_PATH)/WAiSTE";
			};
			name = Release;
		};
		A4A6AC012A5914DF00764AB5 /* Debug */ = {
			isa = XCBuildConfiguration;
			buildSettings = {
				ALWAYS_EMBED_SWIFT_STANDARD_LIBRARIES = YES;
				CODE_SIGN_STYLE = Automatic;
				CURRENT_PROJECT_VERSION = 1;
				DEVELOPMENT_TEAM = R8J683G97T;
				GENERATE_INFOPLIST_FILE = YES;
				MARKETING_VERSION = 1.0;
				PRODUCT_BUNDLE_IDENTIFIER = waiste.WAiSTEUITests;
				PRODUCT_NAME = "$(TARGET_NAME)";
				SWIFT_EMIT_LOC_STRINGS = NO;
				SWIFT_VERSION = 5.0;
				TARGETED_DEVICE_FAMILY = "1,2";
				TEST_TARGET_NAME = WAiSTE;
			};
			name = Debug;
		};
		A4A6AC022A5914DF00764AB5 /* Release */ = {
			isa = XCBuildConfiguration;
			buildSettings = {
				ALWAYS_EMBED_SWIFT_STANDARD_LIBRARIES = YES;
				CODE_SIGN_STYLE = Automatic;
				CURRENT_PROJECT_VERSION = 1;
				DEVELOPMENT_TEAM = R8J683G97T;
				GENERATE_INFOPLIST_FILE = YES;
				MARKETING_VERSION = 1.0;
				PRODUCT_BUNDLE_IDENTIFIER = waiste.WAiSTEUITests;
				PRODUCT_NAME = "$(TARGET_NAME)";
				SWIFT_EMIT_LOC_STRINGS = NO;
				SWIFT_VERSION = 5.0;
				TARGETED_DEVICE_FAMILY = "1,2";
				TEST_TARGET_NAME = WAiSTE;
			};
			name = Release;
		};
/* End XCBuildConfiguration section */

/* Begin XCConfigurationList section */
		A4A6ABCB2A5914DE00764AB5 /* Build configuration list for PBXProject "WAiSTE" */ = {
			isa = XCConfigurationList;
			buildConfigurations = (
				A4A6ABF82A5914DF00764AB5 /* Debug */,
				A4A6ABF92A5914DF00764AB5 /* Release */,
			);
			defaultConfigurationIsVisible = 0;
			defaultConfigurationName = Release;
		};
		A4A6ABFA2A5914DF00764AB5 /* Build configuration list for PBXNativeTarget "WAiSTE" */ = {
			isa = XCConfigurationList;
			buildConfigurations = (
				A4A6ABFB2A5914DF00764AB5 /* Debug */,
				A4A6ABFC2A5914DF00764AB5 /* Release */,
			);
			defaultConfigurationIsVisible = 0;
			defaultConfigurationName = Release;
		};
		A4A6ABFD2A5914DF00764AB5 /* Build configuration list for PBXNativeTarget "WAiSTETests" */ = {
			isa = XCConfigurationList;
			buildConfigurations = (
				A4A6ABFE2A5914DF00764AB5 /* Debug */,
				A4A6ABFF2A5914DF00764AB5 /* Release */,
			);
			defaultConfigurationIsVisible = 0;
			defaultConfigurationName = Release;
		};
		A4A6AC002A5914DF00764AB5 /* Build configuration list for PBXNativeTarget "WAiSTEUITests" */ = {
			isa = XCConfigurationList;
			buildConfigurations = (
				A4A6AC012A5914DF00764AB5 /* Debug */,
				A4A6AC022A5914DF00764AB5 /* Release */,
			);
			defaultConfigurationIsVisible = 0;
			defaultConfigurationName = Release;
		};
/* End XCConfigurationList section */
	};
	rootObject = A4A6ABC82A5914DE00764AB5 /* Project object */;
}
